// !$*UTF8*$!
{ archiveVersion = 1; classes = {}; objectVersion = 56; objects = {
000000000000000000000004 = { isa = XCLocalSwiftPackageReference; relativePath = ../../packages/core; };
00000000000000000000000B = { isa = XCSwiftPackageProductDependency; package = 000000000000000000000004; productName = PixAuraCore; };
00000000000000000000000C = { isa = XCSwiftPackageProductDependency; package = 000000000000000000000004; productName = PixAuraCore; };
00000000000000000000000F = { isa = PBXFileReference; lastKnownFileType = sourcecode.swift; path = PixAuraApp.swift; sourceTree = "<group>"; };
000000000000000000000010 = { isa = PBXBuildFile; fileRef = 00000000000000000000000F; };
000000000000000000000011 = { isa = PBXFileReference; lastKnownFileType = sourcecode.swift; path = ShellView.swift; sourceTree = "<group>"; };
000000000000000000000012 = { isa = PBXBuildFile; fileRef = 000000000000000000000011; };
000000000000000000000013 = { isa = PBXFileReference; lastKnownFileType = sourcecode.swift; path = ShellModel.swift; sourceTree = "<group>"; };
000000000000000000000014 = { isa = PBXBuildFile; fileRef = 000000000000000000000013; };
000000000000000000000015 = { isa = PBXFileReference; lastKnownFileType = sourcecode.swift; path = ShellState.swift; sourceTree = "<group>"; };
000000000000000000000016 = { isa = PBXBuildFile; fileRef = 000000000000000000000015; };
00000000000000000000000D = { isa = PBXGroup; children = (00000000000000000000000F,000000000000000000000011,000000000000000000000013,000000000000000000000015); path = PixAuraAI; sourceTree = "<group>"; };
00000000000000000000000E = { isa = PBXSourcesBuildPhase; buildActionMask = 2147483647; files = (000000000000000000000010,000000000000000000000012,000000000000000000000014,000000000000000000000016); runOnlyForDeploymentPostprocessing = 0; };
000000000000000000000019 = { isa = PBXFileReference; lastKnownFileType = sourcecode.swift; path = ShellTests.swift; sourceTree = "<group>"; };
00000000000000000000001A = { isa = PBXBuildFile; fileRef = 000000000000000000000019; };
000000000000000000000017 = { isa = PBXGroup; children = (000000000000000000000019); path = PixAuraAITests; sourceTree = "<group>"; };
000000000000000000000018 = { isa = PBXSourcesBuildPhase; buildActionMask = 2147483647; files = (00000000000000000000001A); runOnlyForDeploymentPostprocessing = 0; };
00000000000000000000001D = { isa = PBXFileReference; lastKnownFileType = sourcecode.swift; path = ShellUITests.swift; sourceTree = "<group>"; };
00000000000000000000001E = { isa = PBXBuildFile; fileRef = 00000000000000000000001D; };
00000000000000000000001B = { isa = PBXGroup; children = (00000000000000000000001D); path = PixAuraAIUITests; sourceTree = "<group>"; };
00000000000000000000001C = { isa = PBXSourcesBuildPhase; buildActionMask = 2147483647; files = (00000000000000000000001E); runOnlyForDeploymentPostprocessing = 0; };
00000000000000000000001F = { isa = PBXFileReference; lastKnownFileType = text.xml; path = PixAuraAI/PrivacyInfo.xcprivacy; sourceTree = "<group>"; };
000000000000000000000020 = { isa = PBXBuildFile; fileRef = 00000000000000000000001F; };
000000000000000000000021 = { isa = PBXResourcesBuildPhase; buildActionMask = 2147483647; files = (000000000000000000000020); runOnlyForDeploymentPostprocessing = 0; };
000000000000000000000022 = { isa = PBXFileReference; lastKnownFileType = text.json; path = "../../tests/fixtures/decode/fixtures.json"; sourceTree = "<group>"; };
000000000000000000000023 = { isa = PBXBuildFile; fileRef = 000000000000000000000022; };
000000000000000000000024 = { isa = PBXResourcesBuildPhase; buildActionMask = 2147483647; files = (000000000000000000000023); runOnlyForDeploymentPostprocessing = 0; };
000000000000000000000026 = { isa = XCBuildConfiguration; name = Debug; buildSettings = { ARCHS = "$(ARCHS_STANDARD)"; IPHONEOS_DEPLOYMENT_TARGET = 16.0; SDKROOT = iphoneos; SWIFT_VERSION = 5.0; CLANG_CXX_LANGUAGE_STANDARD = "c++17"; CLANG_ENABLE_MODULES = YES; SWIFT_TREAT_WARNINGS_AS_ERRORS = YES; GCC_TREAT_WARNINGS_AS_ERRORS = YES; SWIFT_OPTIMIZATION_LEVEL = "-Onone"; ENABLE_TESTABILITY = YES; SWIFT_ACTIVE_COMPILATION_CONDITIONS = DEBUG; }; };
000000000000000000000027 = { isa = XCBuildConfiguration; name = Release; buildSettings = { ARCHS = "$(ARCHS_STANDARD)"; IPHONEOS_DEPLOYMENT_TARGET = 16.0; SDKROOT = iphoneos; SWIFT_VERSION = 5.0; CLANG_CXX_LANGUAGE_STANDARD = "c++17"; CLANG_ENABLE_MODULES = YES; SWIFT_TREAT_WARNINGS_AS_ERRORS = YES; GCC_TREAT_WARNINGS_AS_ERRORS = YES; SWIFT_OPTIMIZATION_LEVEL = "-O";  }; };
000000000000000000000025 = { isa = XCConfigurationList; buildConfigurations = (000000000000000000000026,000000000000000000000027); defaultConfigurationIsVisible = 0; defaultConfigurationName = Release; };
000000000000000000000029 = { isa = XCBuildConfiguration; name = Debug; buildSettings = { PRODUCT_NAME = "$(TARGET_NAME)"; PRODUCT_BUNDLE_IDENTIFIER = ai.pixaura.PixAuraAI; GENERATE_INFOPLIST_FILE = YES; CURRENT_PROJECT_VERSION = 1; MARKETING_VERSION = 0.1.0; TARGETED_DEVICE_FAMILY = "1,2"; SUPPORTED_PLATFORMS = "iphoneos iphonesimulator"; CODE_SIGN_STYLE = Automatic; INFOPLIST_KEY_CFBundleDisplayName = PixAuraAI; INFOPLIST_KEY_LSRequiresIPhoneOS = YES; INFOPLIST_KEY_UIApplicationSceneManifest_Generation = YES; INFOPLIST_KEY_UILaunchScreen_Generation = YES; INFOPLIST_KEY_UISupportedInterfaceOrientations = "UIInterfaceOrientationPortrait UIInterfaceOrientationPortraitUpsideDown UIInterfaceOrientationLandscapeLeft UIInterfaceOrientationLandscapeRight";  }; };
00000000000000000000002A = { isa = XCBuildConfiguration; name = Release; buildSettings = { PRODUCT_NAME = "$(TARGET_NAME)"; PRODUCT_BUNDLE_IDENTIFIER = ai.pixaura.PixAuraAI; GENERATE_INFOPLIST_FILE = YES; CURRENT_PROJECT_VERSION = 1; MARKETING_VERSION = 0.1.0; TARGETED_DEVICE_FAMILY = "1,2"; SUPPORTED_PLATFORMS = "iphoneos iphonesimulator"; CODE_SIGN_STYLE = Automatic; INFOPLIST_KEY_CFBundleDisplayName = PixAuraAI; INFOPLIST_KEY_LSRequiresIPhoneOS = YES; INFOPLIST_KEY_UIApplicationSceneManifest_Generation = YES; INFOPLIST_KEY_UILaunchScreen_Generation = YES; INFOPLIST_KEY_UISupportedInterfaceOrientations = "UIInterfaceOrientationPortrait UIInterfaceOrientationPortraitUpsideDown UIInterfaceOrientationLandscapeLeft UIInterfaceOrientationLandscapeRight";  }; };
000000000000000000000028 = { isa = XCConfigurationList; buildConfigurations = (000000000000000000000029,00000000000000000000002A); defaultConfigurationIsVisible = 0; defaultConfigurationName = Release; };
00000000000000000000002C = { isa = PBXBuildFile; productRef = 00000000000000000000000B; };
00000000000000000000002B = { isa = PBXFrameworksBuildPhase; buildActionMask = 2147483647; files = (00000000000000000000002C); runOnlyForDeploymentPostprocessing = 0; };
000000000000000000000005 = { isa = PBXNativeTarget; buildConfigurationList = 000000000000000000000028; buildPhases = (00000000000000000000000E,00000000000000000000002B,000000000000000000000021); buildRules = (); dependencies = (); name = PixAuraAI; productName = PixAuraAI; productReference = 000000000000000000000008; productType = "com.apple.product-type.application"; packageProductDependencies = (00000000000000000000000B); };
00000000000000000000002D = { isa = PBXContainerItemProxy; containerPortal = 000000000000000000000001; proxyType = 1; remoteGlobalIDString = 000000000000000000000005; remoteInfo = PixAuraAI; };
00000000000000000000002E = { isa = PBXTargetDependency; target = 000000000000000000000005; targetProxy = 00000000000000000000002D; };
000000000000000000000030 = { isa = XCBuildConfiguration; name = Debug; buildSettings = { PRODUCT_NAME = "$(TARGET_NAME)"; PRODUCT_BUNDLE_IDENTIFIER = ai.pixaura.PixAuraAITests; GENERATE_INFOPLIST_FILE = YES; CURRENT_PROJECT_VERSION = 1; MARKETING_VERSION = 0.1.0; TARGETED_DEVICE_FAMILY = "1,2"; SUPPORTED_PLATFORMS = "iphoneos iphonesimulator"; CODE_SIGN_STYLE = Automatic; TEST_HOST = "$(BUILT_PRODUCTS_DIR)/PixAuraAI.app/$(BUNDLE_EXECUTABLE_FOLDER_PATH)/PixAuraAI"; BUNDLE_LOADER = "$(TEST_HOST)";  }; };
000000000000000000000031 = { isa = XCBuildConfiguration; name = Release; buildSettings = { PRODUCT_NAME = "$(TARGET_NAME)"; PRODUCT_BUNDLE_IDENTIFIER = ai.pixaura.PixAuraAITests; GENERATE_INFOPLIST_FILE = YES; CURRENT_PROJECT_VERSION = 1; MARKETING_VERSION = 0.1.0; TARGETED_DEVICE_FAMILY = "1,2"; SUPPORTED_PLATFORMS = "iphoneos iphonesimulator"; CODE_SIGN_STYLE = Automatic; TEST_HOST = "$(BUILT_PRODUCTS_DIR)/PixAuraAI.app/$(BUNDLE_EXECUTABLE_FOLDER_PATH)/PixAuraAI"; BUNDLE_LOADER = "$(TEST_HOST)";  }; };
00000000000000000000002F = { isa = XCConfigurationList; buildConfigurations = (000000000000000000000030,000000000000000000000031); defaultConfigurationIsVisible = 0; defaultConfigurationName = Release; };
000000000000000000000033 = { isa = PBXBuildFile; productRef = 00000000000000000000000C; };
000000000000000000000032 = { isa = PBXFrameworksBuildPhase; buildActionMask = 2147483647; files = (000000000000000000000033); runOnlyForDeploymentPostprocessing = 0; };
000000000000000000000006 = { isa = PBXNativeTarget; buildConfigurationList = 00000000000000000000002F; buildPhases = (000000000000000000000018,000000000000000000000032,000000000000000000000024); buildRules = (); dependencies = (00000000000000000000002E); name = PixAuraAITests; productName = PixAuraAITests; productReference = 000000000000000000000009; productType = "com.apple.product-type.bundle.unit-test"; packageProductDependencies = (00000000000000000000000C); };
000000000000000000000034 = { isa = PBXContainerItemProxy; containerPortal = 000000000000000000000001; proxyType = 1; remoteGlobalIDString = 000000000000000000000005; remoteInfo = PixAuraAI; };
000000000000000000000035 = { isa = PBXTargetDependency; target = 000000000000000000000005; targetProxy = 000000000000000000000034; };
000000000000000000000037 = { isa = XCBuildConfiguration; name = Debug; buildSettings = { PRODUCT_NAME = "$(TARGET_NAME)"; PRODUCT_BUNDLE_IDENTIFIER = ai.pixaura.PixAuraAIUITests; GENERATE_INFOPLIST_FILE = YES; CURRENT_PROJECT_VERSION = 1; MARKETING_VERSION = 0.1.0; TARGETED_DEVICE_FAMILY = "1,2"; SUPPORTED_PLATFORMS = "iphoneos iphonesimulator"; CODE_SIGN_STYLE = Automatic; TEST_TARGET_NAME = PixAuraAI;  }; };
000000000000000000000038 = { isa = XCBuildConfiguration; name = Release; buildSettings = { PRODUCT_NAME = "$(TARGET_NAME)"; PRODUCT_BUNDLE_IDENTIFIER = ai.pixaura.PixAuraAIUITests; GENERATE_INFOPLIST_FILE = YES; CURRENT_PROJECT_VERSION = 1; MARKETING_VERSION = 0.1.0; TARGETED_DEVICE_FAMILY = "1,2"; SUPPORTED_PLATFORMS = "iphoneos iphonesimulator"; CODE_SIGN_STYLE = Automatic; TEST_TARGET_NAME = PixAuraAI;  }; };
000000000000000000000036 = { isa = XCConfigurationList; buildConfigurations = (000000000000000000000037,000000000000000000000038); defaultConfigurationIsVisible = 0; defaultConfigurationName = Release; };
000000000000000000000007 = { isa = PBXNativeTarget; buildConfigurationList = 000000000000000000000036; buildPhases = (00000000000000000000001C); buildRules = (); dependencies = (000000000000000000000035); name = PixAuraAIUITests; productName = PixAuraAIUITests; productReference = 00000000000000000000000A; productType = "com.apple.product-type.bundle.ui-testing"; packageProductDependencies = (); };
000000000000000000000008 = { isa = PBXFileReference; explicitFileType = wrapper.application; path = PixAuraAI.app; sourceTree = BUILT_PRODUCTS_DIR; };
000000000000000000000009 = { isa = PBXFileReference; explicitFileType = wrapper.cfbundle; path = PixAuraAITests.xctest; sourceTree = BUILT_PRODUCTS_DIR; };
00000000000000000000000A = { isa = PBXFileReference; explicitFileType = wrapper.cfbundle; path = PixAuraAIUITests.xctest; sourceTree = BUILT_PRODUCTS_DIR; };
000000000000000000000003 = { isa = PBXGroup; children = (000000000000000000000008,000000000000000000000009,00000000000000000000000A); name = Products; sourceTree = "<group>"; };
000000000000000000000002 = { isa = PBXGroup; children = (00000000000000000000000D,000000000000000000000017,00000000000000000000001B,00000000000000000000001F,000000000000000000000022,000000000000000000000003); sourceTree = "<group>"; };
000000000000000000000001 = { isa = PBXProject; attributes = { BuildIndependentTargetsInParallel = YES; LastUpgradeCheck = 2600; }; buildConfigurationList = 000000000000000000000025; compatibilityVersion = "Xcode 14.0"; developmentRegion = en; hasScannedForEncodings = 0; knownRegions = (en,Base); mainGroup = 000000000000000000000002; productRefGroup = 000000000000000000000003; projectDirPath = ""; projectRoot = ""; targets = (000000000000000000000005,000000000000000000000006,000000000000000000000007); packageReferences = (000000000000000000000004); };
}; rootObject = 000000000000000000000001; }
